// !$*UTF8*$!
{
	archiveVersion = 1;
	classes = {
	};
	objectVersion = 46;
	objects = {

/* Begin PBXBuildFile section */
		4D14DEE21E646A8100D916FB /* MainViewController.swift in Sources */ = {isa = PBXBuildFile; fileRef = 4D14DEE11E646A8100D916FB /* MainViewController.swift */; };
		4D14DEE51E64CF3500D916FB /* CustomLabel.swift in Sources */ = {isa = PBXBuildFile; fileRef = 4D14DEE41E64CF3500D916FB /* CustomLabel.swift */; };
		4D14DEE71E64CF5E00D916FB /* Button.swift in Sources */ = {isa = PBXBuildFile; fileRef = 4D14DEE61E64CF5E00D916FB /* Button.swift */; };
		4D14DEE91E64CF9A00D916FB /* TextFIeld.swift in Sources */ = {isa = PBXBuildFile; fileRef = 4D14DEE81E64CF9A00D916FB /* TextFIeld.swift */; };
		4D14DEEB1E65B56000D916FB /* StatsViewController.swift in Sources */ = {isa = PBXBuildFile; fileRef = 4D14DEEA1E65B56000D916FB /* StatsViewController.swift */; };
		4D14DEF11E65B88100D916FB /* Charts.framework in Frameworks */ = {isa = PBXBuildFile; fileRef = 4D14DEF01E65B88100D916FB /* Charts.framework */; };
		4D14DEF21E65B88100D916FB /* Charts.framework in Embed Frameworks */ = {isa = PBXBuildFile; fileRef = 4D14DEF01E65B88100D916FB /* Charts.framework */; settings = {ATTRIBUTES = (CodeSignOnCopy, RemoveHeadersOnCopy, ); }; };
		4D14DEF71E65E6CC00D916FB /* Bolts.framework in Frameworks */ = {isa = PBXBuildFile; fileRef = 4D14DEF41E65E6CC00D916FB /* Bolts.framework */; };
		4D14DEF81E65E6CC00D916FB /* FBSDKCoreKit.framework in Frameworks */ = {isa = PBXBuildFile; fileRef = 4D14DEF51E65E6CC00D916FB /* FBSDKCoreKit.framework */; };
		4D14DEF91E65E6CC00D916FB /* FBSDKLoginKit.framework in Frameworks */ = {isa = PBXBuildFile; fileRef = 4D14DEF61E65E6CC00D916FB /* FBSDKLoginKit.framework */; };
		4D14DEFC1E6710A900D916FB /* SettingsViewController.swift in Sources */ = {isa = PBXBuildFile; fileRef = 4D14DEFB1E6710A900D916FB /* SettingsViewController.swift */; };
		4D14DEFE1E67230F00D916FB /* TabBarViewController.swift in Sources */ = {isa = PBXBuildFile; fileRef = 4D14DEFD1E67230F00D916FB /* TabBarViewController.swift */; };
		4D45CC6F1E63816800A78526 /* GoogleService-Info.plist in Resources */ = {isa = PBXBuildFile; fileRef = 4D45CC6E1E63816800A78526 /* GoogleService-Info.plist */; };
		4DC702C41E637FEE00A8FD8C /* AppDelegate.swift in Sources */ = {isa = PBXBuildFile; fileRef = 4DC702C31E637FEE00A8FD8C /* AppDelegate.swift */; };
		4DC702C61E637FEE00A8FD8C /* Authenticate.swift in Sources */ = {isa = PBXBuildFile; fileRef = 4DC702C51E637FEE00A8FD8C /* Authenticate.swift */; };
		4DC702C91E637FEE00A8FD8C /* Main.storyboard in Resources */ = {isa = PBXBuildFile; fileRef = 4DC702C71E637FEE00A8FD8C /* Main.storyboard */; };
		4DC702CB1E637FEE00A8FD8C /* Assets.xcassets in Resources */ = {isa = PBXBuildFile; fileRef = 4DC702CA1E637FEE00A8FD8C /* Assets.xcassets */; };
		4DC702CE1E637FEE00A8FD8C /* LaunchScreen.storyboard in Resources */ = {isa = PBXBuildFile; fileRef = 4DC702CC1E637FEE00A8FD8C /* LaunchScreen.storyboard */; };
		A8D38F105E91E4F8E598179A /* Pods_DeepWorkTracker.framework in Frameworks */ = {isa = PBXBuildFile; fileRef = 7CB66067A2D73D6A7614CE2E /* Pods_DeepWorkTracker.framework */; };
/* End PBXBuildFile section */

/* Begin PBXCopyFilesBuildPhase section */
		4D14DEEF1E65B81000D916FB /* Embed Frameworks */ = {
			isa = PBXCopyFilesBuildPhase;
			buildActionMask = 2147483647;
			dstPath = "";
			dstSubfolderSpec = 10;
			files = (
				4D14DEF21E65B88100D916FB /* Charts.framework in Embed Frameworks */,
			);
			name = "Embed Frameworks";
			runOnlyForDeploymentPostprocessing = 0;
		};
/* End PBXCopyFilesBuildPhase section */

/* Begin PBXFileReference section */
		13D74669A2834B69D487FD95 /* Pods-DeepWorkTracker.release.xcconfig */ = {isa = PBXFileReference; includeInIndex = 1; lastKnownFileType = text.xcconfig; name = "Pods-DeepWorkTracker.release.xcconfig"; path = "Pods/Target Support Files/Pods-DeepWorkTracker/Pods-DeepWorkTracker.release.xcconfig"; sourceTree = "<group>"; };
		4D14DEE11E646A8100D916FB /* MainViewController.swift */ = {isa = PBXFileReference; fileEncoding = 4; lastKnownFileType = sourcecode.swift; path = MainViewController.swift; sourceTree = "<group>"; };
		4D14DEE41E64CF3500D916FB /* CustomLabel.swift */ = {isa = PBXFileReference; fileEncoding = 4; lastKnownFileType = sourcecode.swift; path = CustomLabel.swift; sourceTree = "<group>"; };
		4D14DEE61E64CF5E00D916FB /* Button.swift */ = {isa = PBXFileReference; fileEncoding = 4; lastKnownFileType = sourcecode.swift; path = Button.swift; sourceTree = "<group>"; };
		4D14DEE81E64CF9A00D916FB /* TextFIeld.swift */ = {isa = PBXFileReference; fileEncoding = 4; lastKnownFileType = sourcecode.swift; path = TextFIeld.swift; sourceTree = "<group>"; };
		4D14DEEA1E65B56000D916FB /* StatsViewController.swift */ = {isa = PBXFileReference; fileEncoding = 4; lastKnownFileType = sourcecode.swift; path = StatsViewController.swift; sourceTree = "<group>"; };
		4D14DEF01E65B88100D916FB /* Charts.framework */ = {isa = PBXFileReference; explicitFileType = wrapper.framework; path = Charts.framework; sourceTree = BUILT_PRODUCTS_DIR; };
		4D14DEF41E65E6CC00D916FB /* Bolts.framework */ = {isa = PBXFileReference; lastKnownFileType = wrapper.framework; name = Bolts.framework; path = "../../Documents/FacebookSDKs-iOS-4.19.0/Bolts.framework"; sourceTree = "<group>"; };
		4D14DEF51E65E6CC00D916FB /* FBSDKCoreKit.framework */ = {isa = PBXFileReference; lastKnownFileType = wrapper.framework; name = FBSDKCoreKit.framework; path = "../../Documents/FacebookSDKs-iOS-4.19.0/FBSDKCoreKit.framework"; sourceTree = "<group>"; };
		4D14DEF61E65E6CC00D916FB /* FBSDKLoginKit.framework */ = {isa = PBXFileReference; lastKnownFileType = wrapper.framework; name = FBSDKLoginKit.framework; path = "../../Documents/FacebookSDKs-iOS-4.19.0/FBSDKLoginKit.framework"; sourceTree = "<group>"; };
		4D14DEFA1E65E84400D916FB /* bridging-header.h */ = {isa = PBXFileReference; lastKnownFileType = sourcecode.c.h; path = "bridging-header.h"; sourceTree = "<group>"; };
		4D14DEFB1E6710A900D916FB /* SettingsViewController.swift */ = {isa = PBXFileReference; fileEncoding = 4; lastKnownFileType = sourcecode.swift; path = SettingsViewController.swift; sourceTree = "<group>"; };
		4D14DEFD1E67230F00D916FB /* TabBarViewController.swift */ = {isa = PBXFileReference; fileEncoding = 4; lastKnownFileType = sourcecode.swift; path = TabBarViewController.swift; sourceTree = "<group>"; };
		4D45CC6E1E63816800A78526 /* GoogleService-Info.plist */ = {isa = PBXFileReference; fileEncoding = 4; lastKnownFileType = text.plist.xml; path = "GoogleService-Info.plist"; sourceTree = "<group>"; };
		4DC702C01E637FED00A8FD8C /* DeepWorkTracker.app */ = {isa = PBXFileReference; explicitFileType = wrapper.application; includeInIndex = 0; path = DeepWorkTracker.app; sourceTree = BUILT_PRODUCTS_DIR; };
		4DC702C31E637FEE00A8FD8C /* AppDelegate.swift */ = {isa = PBXFileReference; lastKnownFileType = sourcecode.swift; path = AppDelegate.swift; sourceTree = "<group>"; };
		4DC702C51E637FEE00A8FD8C /* Authenticate.swift */ = {isa = PBXFileReference; lastKnownFileType = sourcecode.swift; path = Authenticate.swift; sourceTree = "<group>"; };
		4DC702C81E637FEE00A8FD8C /* Base */ = {isa = PBXFileReference; lastKnownFileType = file.storyboard; name = Base; path = Base.lproj/Main.storyboard; sourceTree = "<group>"; };
		4DC702CA1E637FEE00A8FD8C /* Assets.xcassets */ = {isa = PBXFileReference; lastKnownFileType = folder.assetcatalog; path = Assets.xcassets; sourceTree = "<group>"; };
		4DC702CD1E637FEE00A8FD8C /* Base */ = {isa = PBXFileReference; lastKnownFileType = file.storyboard; name = Base; path = Base.lproj/LaunchScreen.storyboard; sourceTree = "<group>"; };
		4DC702CF1E637FEE00A8FD8C /* Info.plist */ = {isa = PBXFileReference; lastKnownFileType = text.plist.xml; path = Info.plist; sourceTree = "<group>"; };
		7CB66067A2D73D6A7614CE2E /* Pods_DeepWorkTracker.framework */ = {isa = PBXFileReference; explicitFileType = wrapper.framework; includeInIndex = 0; path = Pods_DeepWorkTracker.framework; sourceTree = BUILT_PRODUCTS_DIR; };
		FD830747CA1FBAB5800D312E /* Pods-DeepWorkTracker.debug.xcconfig */ = {isa = PBXFileReference; includeInIndex = 1; lastKnownFileType = text.xcconfig; name = "Pods-DeepWorkTracker.debug.xcconfig"; path = "Pods/Target Support Files/Pods-DeepWorkTracker/Pods-DeepWorkTracker.debug.xcconfig"; sourceTree = "<group>"; };
/* End PBXFileReference section */

/* Begin PBXFrameworksBuildPhase section */
		4DC702BD1E637FE700A8FD8C /* Frameworks */ = {
			isa = PBXFrameworksBuildPhase;
			buildActionMask = 2147483647;
			files = (
				4D14DEF71E65E6CC00D916FB /* Bolts.framework in Frameworks */,
				4D14DEF81E65E6CC00D916FB /* FBSDKCoreKit.framework in Frameworks */,
				4D14DEF91E65E6CC00D916FB /* FBSDKLoginKit.framework in Frameworks */,
				A8D38F105E91E4F8E598179A /* Pods_DeepWorkTracker.framework in Frameworks */,
				4D14DEF11E65B88100D916FB /* Charts.framework in Frameworks */,
			);
			runOnlyForDeploymentPostprocessing = 0;
		};
/* End PBXFrameworksBuildPhase section */

/* Begin PBXGroup section */
		4D14DEE31E64CF2700D916FB /* Custom */ = {
			isa = PBXGroup;
			children = (
				4D14DEE41E64CF3500D916FB /* CustomLabel.swift */,
				4D14DEE61E64CF5E00D916FB /* Button.swift */,
				4D14DEE81E64CF9A00D916FB /* TextFIeld.swift */,
			);
			name = Custom;
			sourceTree = "<group>";
		};
		4DC702B71E637FE600A8FD8C = {
			isa = PBXGroup;
			children = (
				4D14DEF01E65B88100D916FB /* Charts.framework */,
				4DC702C21E637FED00A8FD8C /* DeepWorkTracker */,
				4DC702C11E637FED00A8FD8C /* Products */,
				991E2F677DD2831A6BA40958 /* Pods */,
				68BE79DDE8A96968DAD2874D /* Frameworks */,
			);
			sourceTree = "<group>";
		};
		4DC702C11E637FED00A8FD8C /* Products */ = {
			isa = PBXGroup;
			children = (
				4DC702C01E637FED00A8FD8C /* DeepWorkTracker.app */,
			);
			name = Products;
			sourceTree = "<group>";
		};
		4DC702C21E637FED00A8FD8C /* DeepWorkTracker */ = {
			isa = PBXGroup;
			children = (
				4D14DEE31E64CF2700D916FB /* Custom */,
				4DC702C31E637FEE00A8FD8C /* AppDelegate.swift */,
				4DC702C51E637FEE00A8FD8C /* Authenticate.swift */,
				4D14DEE11E646A8100D916FB /* MainViewController.swift */,
				4D14DEFD1E67230F00D916FB /* TabBarViewController.swift */,
				4D14DEEA1E65B56000D916FB /* StatsViewController.swift */,
				4D14DEFB1E6710A900D916FB /* SettingsViewController.swift */,
				4DC702C71E637FEE00A8FD8C /* Main.storyboard */,
				4DC702CA1E637FEE00A8FD8C /* Assets.xcassets */,
				4DC702CC1E637FEE00A8FD8C /* LaunchScreen.storyboard */,
				4DC702CF1E637FEE00A8FD8C /* Info.plist */,
				4D45CC6E1E63816800A78526 /* GoogleService-Info.plist */,
				4D14DEFA1E65E84400D916FB /* bridging-header.h */,
			);
			path = DeepWorkTracker;
			sourceTree = "<group>";
		};
		68BE79DDE8A96968DAD2874D /* Frameworks */ = {
			isa = PBXGroup;
			children = (
				4D14DEF41E65E6CC00D916FB /* Bolts.framework */,
				4D14DEF51E65E6CC00D916FB /* FBSDKCoreKit.framework */,
				4D14DEF61E65E6CC00D916FB /* FBSDKLoginKit.framework */,
				7CB66067A2D73D6A7614CE2E /* Pods_DeepWorkTracker.framework */,
			);
			name = Frameworks;
			sourceTree = "<group>";
		};
		991E2F677DD2831A6BA40958 /* Pods */ = {
			isa = PBXGroup;
			children = (
				FD830747CA1FBAB5800D312E /* Pods-DeepWorkTracker.debug.xcconfig */,
				13D74669A2834B69D487FD95 /* Pods-DeepWorkTracker.release.xcconfig */,
			);
			name = Pods;
			sourceTree = "<group>";
		};
/* End PBXGroup section */

/* Begin PBXNativeTarget section */
		4DC702BF1E637FE700A8FD8C /* DeepWorkTracker */ = {
			isa = PBXNativeTarget;
			buildConfigurationList = 4DC702D21E637FEE00A8FD8C /* Build configuration list for PBXNativeTarget "DeepWorkTracker" */;
			buildPhases = (
				F95FD41A2C03F9A4B159136B /* [CP] Check Pods Manifest.lock */,
				4DC702BC1E637FE700A8FD8C /* Sources */,
				4DC702BD1E637FE700A8FD8C /* Frameworks */,
				4DC702BE1E637FE700A8FD8C /* Resources */,
				91D052216C0A386B9EE4E017 /* [CP] Embed Pods Frameworks */,
				BC2F7123D4B786EA077399B3 /* [CP] Copy Pods Resources */,
				4D14DEEF1E65B81000D916FB /* Embed Frameworks */,
			);
			buildRules = (
			);
			dependencies = (
			);
			name = DeepWorkTracker;
			productName = DeepWorkTracker;
			productReference = 4DC702C01E637FED00A8FD8C /* DeepWorkTracker.app */;
			productType = "com.apple.product-type.application";
		};
/* End PBXNativeTarget section */

/* Begin PBXProject section */
		4DC702B81E637FE700A8FD8C /* Project object */ = {
			isa = PBXProject;
			attributes = {
				LastSwiftUpdateCheck = 0820;
				LastUpgradeCheck = 0820;
				ORGANIZATIONNAME = "Daniele Paliotta";
				TargetAttributes = {
					4DC702BF1E637FE700A8FD8C = {
						CreatedOnToolsVersion = 8.2.1;
						DevelopmentTeam = 9U63HC2G6Q;
						ProvisioningStyle = Automatic;
					};
				};
			};
			buildConfigurationList = 4DC702BB1E637FE700A8FD8C /* Build configuration list for PBXProject "DeepWorkTracker" */;
			compatibilityVersion = "Xcode 3.2";
			developmentRegion = English;
			hasScannedForEncodings = 0;
			knownRegions = (
				en,
				Base,
			);
			mainGroup = 4DC702B71E637FE600A8FD8C;
			productRefGroup = 4DC702C11E637FED00A8FD8C /* Products */;
			projectDirPath = "";
			projectRoot = "";
			targets = (
				4DC702BF1E637FE700A8FD8C /* DeepWorkTracker */,
			);
		};
/* End PBXProject section */

/* Begin PBXResourcesBuildPhase section */
		4DC702BE1E637FE700A8FD8C /* Resources */ = {
			isa = PBXResourcesBuildPhase;
			buildActionMask = 2147483647;
			files = (
				4DC702CE1E637FEE00A8FD8C /* LaunchScreen.storyboard in Resources */,
				4D45CC6F1E63816800A78526 /* GoogleService-Info.plist in Resources */,
				4DC702CB1E637FEE00A8FD8C /* Assets.xcassets in Resources */,
				4DC702C91E637FEE00A8FD8C /* Main.storyboard in Resources */,
			);
			runOnlyForDeploymentPostprocessing = 0;
		};
/* End PBXResourcesBuildPhase section */

/* Begin PBXShellScriptBuildPhase section */
		91D052216C0A386B9EE4E017 /* [CP] Embed Pods Frameworks */ = {
			isa = PBXShellScriptBuildPhase;
			buildActionMask = 2147483647;
			files = (
			);
			inputPaths = (
			);
			name = "[CP] Embed Pods Frameworks";
			outputPaths = (
			);
			runOnlyForDeploymentPostprocessing = 0;
			shellPath = /bin/sh;
			shellScript = "\"${SRCROOT}/Pods/Target Support Files/Pods-DeepWorkTracker/Pods-DeepWorkTracker-frameworks.sh\"\n";
			showEnvVarsInLog = 0;
		};
		BC2F7123D4B786EA077399B3 /* [CP] Copy Pods Resources */ = {
			isa = PBXShellScriptBuildPhase;
			buildActionMask = 2147483647;
			files = (
			);
			inputPaths = (
			);
			name = "[CP] Copy Pods Resources";
			outputPaths = (
			);
			runOnlyForDeploymentPostprocessing = 0;
			shellPath = /bin/sh;
			shellScript = "\"${SRCROOT}/Pods/Target Support Files/Pods-DeepWorkTracker/Pods-DeepWorkTracker-resources.sh\"\n";
			showEnvVarsInLog = 0;
		};
		F95FD41A2C03F9A4B159136B /* [CP] Check Pods Manifest.lock */ = {
			isa = PBXShellScriptBuildPhase;
			buildActionMask = 2147483647;
			files = (
			);
			inputPaths = (
			);
			name = "[CP] Check Pods Manifest.lock";
			outputPaths = (
			);
			runOnlyForDeploymentPostprocessing = 0;
			shellPath = /bin/sh;
			shellScript = "diff \"${PODS_ROOT}/../Podfile.lock\" \"${PODS_ROOT}/Manifest.lock\" > /dev/null\nif [ $? != 0 ] ; then\n    # print error to STDERR\n    echo \"error: The sandbox is not in sync with the Podfile.lock. Run 'pod install' or update your CocoaPods installation.\" >&2\n    exit 1\nfi\n";
			showEnvVarsInLog = 0;
		};
/* End PBXShellScriptBuildPhase section */

/* Begin PBXSourcesBuildPhase section */
		4DC702BC1E637FE700A8FD8C /* Sources */ = {
			isa = PBXSourcesBuildPhase;
			buildActionMask = 2147483647;
			files = (
				4D14DEE71E64CF5E00D916FB /* Button.swift in Sources */,
				4D14DEE21E646A8100D916FB /* MainViewController.swift in Sources */,
				4DC702C61E637FEE00A8FD8C /* Authenticate.swift in Sources */,
				4D14DEE91E64CF9A00D916FB /* TextFIeld.swift in Sources */,
				4D14DEFE1E67230F00D916FB /* TabBarViewController.swift in Sources */,
				4D14DEEB1E65B56000D916FB /* StatsViewController.swift in Sources */,
				4DC702C41E637FEE00A8FD8C /* AppDelegate.swift in Sources */,
				4D14DEE51E64CF3500D916FB /* CustomLabel.swift in Sources */,
				4D14DEFC1E6710A900D916FB /* SettingsViewController.swift in Sources */,
			);
			runOnlyForDeploymentPostprocessing = 0;
		};
/* End PBXSourcesBuildPhase section */

/* Begin PBXVariantGroup section */
		4DC702C71E637FEE00A8FD8C /* Main.storyboard */ = {
			isa = PBXVariantGroup;
			children = (
				4DC702C81E637FEE00A8FD8C /* Base */,
			);
			name = Main.storyboard;
			sourceTree = "<group>";
		};
		4DC702CC1E637FEE00A8FD8C /* LaunchScreen.storyboard */ = {
			isa = PBXVariantGroup;
			children = (
				4DC702CD1E637FEE00A8FD8C /* Base */,
			);
			name = LaunchScreen.storyboard;
			sourceTree = "<group>";
		};
/* End PBXVariantGroup section */

/* Begin XCBuildConfiguration section */
		4DC702D01E637FEE00A8FD8C /* Debug */ = {
			isa = XCBuildConfiguration;
			buildSettings = {
				ALWAYS_SEARCH_USER_PATHS = NO;
				CLANG_ANALYZER_NONNULL = YES;
				CLANG_CXX_LANGUAGE_STANDARD = "gnu++0x";
				CLANG_CXX_LIBRARY = "libc++";
				CLANG_ENABLE_MODULES = YES;
				CLANG_ENABLE_OBJC_ARC = YES;
				CLANG_WARN_BOOL_CONVERSION = YES;
				CLANG_WARN_CONSTANT_CONVERSION = YES;
				CLANG_WARN_DIRECT_OBJC_ISA_USAGE = YES_ERROR;
				CLANG_WARN_DOCUMENTATION_COMMENTS = YES;
				CLANG_WARN_EMPTY_BODY = YES;
				CLANG_WARN_ENUM_CONVERSION = YES;
				CLANG_WARN_INFINITE_RECURSION = YES;
				CLANG_WARN_INT_CONVERSION = YES;
				CLANG_WARN_OBJC_ROOT_CLASS = YES_ERROR;
				CLANG_WARN_SUSPICIOUS_MOVE = YES;
				CLANG_WARN_UNREACHABLE_CODE = YES;
				CLANG_WARN__DUPLICATE_METHOD_MATCH = YES;
				"CODE_SIGN_IDENTITY[sdk=iphoneos*]" = "iPhone Developer";
				COPY_PHASE_STRIP = NO;
				DEBUG_INFORMATION_FORMAT = dwarf;
				ENABLE_STRICT_OBJC_MSGSEND = YES;
				ENABLE_TESTABILITY = YES;
				GCC_C_LANGUAGE_STANDARD = gnu99;
				GCC_DYNAMIC_NO_PIC = NO;
				GCC_NO_COMMON_BLOCKS = YES;
				GCC_OPTIMIZATION_LEVEL = 0;
				GCC_PREPROCESSOR_DEFINITIONS = (
					"DEBUG=1",
					"$(inherited)",
				);
				GCC_WARN_64_TO_32_BIT_CONVERSION = YES;
				GCC_WARN_ABOUT_RETURN_TYPE = YES_ERROR;
				GCC_WARN_UNDECLARED_SELECTOR = YES;
				GCC_WARN_UNINITIALIZED_AUTOS = YES_AGGRESSIVE;
				GCC_WARN_UNUSED_FUNCTION = YES;
				GCC_WARN_UNUSED_VARIABLE = YES;
				IPHONEOS_DEPLOYMENT_TARGET = 10.2;
				MTL_ENABLE_DEBUG_INFO = YES;
				ONLY_ACTIVE_ARCH = YES;
				SDKROOT = iphoneos;
				SWIFT_ACTIVE_COMPILATION_CONDITIONS = DEBUG;
				SWIFT_OPTIMIZATION_LEVEL = "-Onone";
			};
			name = Debug;
		};
		4DC702D11E637FEE00A8FD8C /* Release */ = {
			isa = XCBuildConfiguration;
			buildSettings = {
				ALWAYS_SEARCH_USER_PATHS = NO;
				CLANG_ANALYZER_NONNULL = YES;
				CLANG_CXX_LANGUAGE_STANDARD = "gnu++0x";
				CLANG_CXX_LIBRARY = "libc++";
				CLANG_ENABLE_MODULES = YES;
				CLANG_ENABLE_OBJC_ARC = YES;
				CLANG_WARN_BOOL_CONVERSION = YES;
				CLANG_WARN_CONSTANT_CONVERSION = YES;
				CLANG_WARN_DIRECT_OBJC_ISA_USAGE = YES_ERROR;
				CLANG_WARN_DOCUMENTATION_COMMENTS = YES;
				CLANG_WARN_EMPTY_BODY = YES;
				CLANG_WARN_ENUM_CONVERSION = YES;
				CLANG_WARN_INFINITE_RECURSION = YES;
				CLANG_WARN_INT_CONVERSION = YES;
				CLANG_WARN_OBJC_ROOT_CLASS = YES_ERROR;
				CLANG_WARN_SUSPICIOUS_MOVE = YES;
				CLANG_WARN_UNREACHABLE_CODE = YES;
				CLANG_WARN__DUPLICATE_METHOD_MATCH = YES;
				"CODE_SIGN_IDENTITY[sdk=iphoneos*]" = "iPhone Developer";
				COPY_PHASE_STRIP = NO;
				DEBUG_INFORMATION_FORMAT = "dwarf-with-dsym";
				ENABLE_NS_ASSERTIONS = NO;
				ENABLE_STRICT_OBJC_MSGSEND = YES;
				GCC_C_LANGUAGE_STANDARD = gnu99;
				GCC_NO_COMMON_BLOCKS = YES;
				GCC_WARN_64_TO_32_BIT_CONVERSION = YES;
				GCC_WARN_ABOUT_RETURN_TYPE = YES_ERROR;
				GCC_WARN_UNDECLARED_SELECTOR = YES;
				GCC_WARN_UNINITIALIZED_AUTOS = YES_AGGRESSIVE;
				GCC_WARN_UNUSED_FUNCTION = YES;
				GCC_WARN_UNUSED_VARIABLE = YES;
				IPHONEOS_DEPLOYMENT_TARGET = 10.2;
				MTL_ENABLE_DEBUG_INFO = NO;
				SDKROOT = iphoneos;
				SWIFT_OPTIMIZATION_LEVEL = "-Owholemodule";
				VALIDATE_PRODUCT = YES;
			};
			name = Release;
		};
		4DC702D31E637FEE00A8FD8C /* Debug */ = {
			isa = XCBuildConfiguration;
			baseConfigurationReference = FD830747CA1FBAB5800D312E /* Pods-DeepWorkTracker.debug.xcconfig */;
			buildSettings = {
				ASSETCATALOG_COMPILER_APPICON_NAME = AppIcon;
				DEVELOPMENT_TEAM = 9U63HC2G6Q;
				FRAMEWORK_SEARCH_PATHS = (
					"$(inherited)",
					"\"$PODS_CONFIGURATION_BUILD_DIR/GTMOAuth2\"",
					"\"$PODS_CONFIGURATION_BUILD_DIR/GTMSessionFetcher\"",
					"\"$PODS_CONFIGURATION_BUILD_DIR/GoogleToolboxForMac\"",
					"\"$PODS_CONFIGURATION_BUILD_DIR/LBTAComponents\"",
					"\"${PODS_ROOT}/FirebaseAnalytics/Frameworks/frameworks\"",
					"\"${PODS_ROOT}/FirebaseAuth/Frameworks/frameworks\"",
					"\"${PODS_ROOT}/FirebaseCore/Frameworks/frameworks\"",
					"\"${PODS_ROOT}/FirebaseDatabase/Frameworks\"",
					"\"${PODS_ROOT}/FirebaseInstanceID/Frameworks/frameworks\"",
					"\"${PODS_ROOT}/GoogleAppUtilities/Frameworks/frameworks\"",
					"\"${PODS_ROOT}/GoogleInterchangeUtilities/Frameworks/frameworks\"",
					"\"${PODS_ROOT}/GoogleSignIn/Frameworks\"",
					"\"${PODS_ROOT}/GoogleSymbolUtilities/Frameworks/frameworks\"",
					"~/Documents/FacebookSDK",
				);
				INFOPLIST_FILE = DeepWorkTracker/Info.plist;
				LD_RUNPATH_SEARCH_PATHS = "$(inherited) @executable_path/Frameworks";
				PRODUCT_BUNDLE_IDENTIFIER = com.adall.DeepWorkTracker;
				PRODUCT_NAME = "$(TARGET_NAME)";
				SWIFT_OBJC_BRIDGING_HEADER = "DeepWorkTracker/bridging-header.h";
				SWIFT_VERSION = 3.0;
			};
			name = Debug;
		};
		4DC702D41E637FEE00A8FD8C /* Release */ = {
			isa = XCBuildConfiguration;
			baseConfigurationReference = 13D74669A2834B69D487FD95 /* Pods-DeepWorkTracker.release.xcconfig */;
			buildSettings = {
				ASSETCATALOG_COMPILER_APPICON_NAME = AppIcon;
				DEVELOPMENT_TEAM = 9U63HC2G6Q;
				FRAMEWORK_SEARCH_PATHS = (
					"$(inherited)",
					"\"$PODS_CONFIGURATION_BUILD_DIR/GTMOAuth2\"",
					"\"$PODS_CONFIGURATION_BUILD_DIR/GTMSessionFetcher\"",
					"\"$PODS_CONFIGURATION_BUILD_DIR/GoogleToolboxForMac\"",
					"\"$PODS_CONFIGURATION_BUILD_DIR/LBTAComponents\"",
					"\"${PODS_ROOT}/FirebaseAnalytics/Frameworks/frameworks\"",
					"\"${PODS_ROOT}/FirebaseAuth/Frameworks/frameworks\"",
					"\"${PODS_ROOT}/FirebaseCore/Frameworks/frameworks\"",
					"\"${PODS_ROOT}/FirebaseDatabase/Frameworks\"",
					"\"${PODS_ROOT}/FirebaseInstanceID/Frameworks/frameworks\"",
					"\"${PODS_ROOT}/GoogleAppUtilities/Frameworks/frameworks\"",
					"\"${PODS_ROOT}/GoogleInterchangeUtilities/Frameworks/frameworks\"",
					"\"${PODS_ROOT}/GoogleSignIn/Frameworks\"",
					"\"${PODS_ROOT}/GoogleSymbolUtilities/Frameworks/frameworks\"",
					"~/Documents/FacebookSDK",
				);
				INFOPLIST_FILE = DeepWorkTracker/Info.plist;
				LD_RUNPATH_SEARCH_PATHS = "$(inherited) @executable_path/Frameworks";
				PRODUCT_BUNDLE_IDENTIFIER = com.adall.DeepWorkTracker;
				PRODUCT_NAME = "$(TARGET_NAME)";
				SWIFT_OBJC_BRIDGING_HEADER = "DeepWorkTracker/bridging-header.h";
				SWIFT_VERSION = 3.0;
			};
			name = Release;
		};
/* End XCBuildConfiguration section */

/* Begin XCConfigurationList section */
		4DC702BB1E637FE700A8FD8C /* Build configuration list for PBXProject "DeepWorkTracker" */ = {
			isa = XCConfigurationList;
			buildConfigurations = (
				4DC702D01E637FEE00A8FD8C /* Debug */,
				4DC702D11E637FEE00A8FD8C /* Release */,
			);
			defaultConfigurationIsVisible = 0;
			defaultConfigurationName = Release;
		};
		4DC702D21E637FEE00A8FD8C /* Build configuration list for PBXNativeTarget "DeepWorkTracker" */ = {
			isa = XCConfigurationList;
			buildConfigurations = (
				4DC702D31E637FEE00A8FD8C /* Debug */,
				4DC702D41E637FEE00A8FD8C /* Release */,
			);
			defaultConfigurationIsVisible = 0;
			defaultConfigurationName = Release;
		};
/* End XCConfigurationList section */
	};
	rootObject = 4DC702B81E637FE700A8FD8C /* Project object */;
}
